// !$*UTF8*$!
{
	archiveVersion = 1;
	classes = {
	};
	objectVersion = 51;
	objects = {

/* Begin PBXBuildFile section */
		13191453D2B933516F86FCD0 /* Pods_Programming_Assignment.framework in Frameworks */ = {isa = PBXBuildFile; fileRef = FE46FC894BCDFC2AB584B425 /* Pods_Programming_Assignment.framework */; };
		86BE9E354527850920F8B1BA /* Pods_Programming_Assignment_Programming_AssignmentUITests.framework in Frameworks */ = {isa = PBXBuildFile; fileRef = 5E364EBF6F7012BAE2705EC7 /* Pods_Programming_Assignment_Programming_AssignmentUITests.framework */; };
		9287741C26E17916002CA6BF /* Programming_AssignmentApp.swift in Sources */ = {isa = PBXBuildFile; fileRef = 9287741B26E17916002CA6BF /* Programming_AssignmentApp.swift */; };
		9287741E26E17916002CA6BF /* ContentView.swift in Sources */ = {isa = PBXBuildFile; fileRef = 9287741D26E17916002CA6BF /* ContentView.swift */; };
		9287742026E17918002CA6BF /* Assets.xcassets in Resources */ = {isa = PBXBuildFile; fileRef = 9287741F26E17918002CA6BF /* Assets.xcassets */; };
		9287742326E17918002CA6BF /* Preview Assets.xcassets in Resources */ = {isa = PBXBuildFile; fileRef = 9287742226E17918002CA6BF /* Preview Assets.xcassets */; };
		9287742E26E17918002CA6BF /* Programming_AssignmentTests.swift in Sources */ = {isa = PBXBuildFile; fileRef = 9287742D26E17918002CA6BF /* Programming_AssignmentTests.swift */; };
		9287743926E17918002CA6BF /* Programming_AssignmentUITests.swift in Sources */ = {isa = PBXBuildFile; fileRef = 9287743826E17918002CA6BF /* Programming_AssignmentUITests.swift */; };
		9287744726E179CB002CA6BF /* GoogleService-Info.plist in Resources */ = {isa = PBXBuildFile; fileRef = 9287744626E179CB002CA6BF /* GoogleService-Info.plist */; };
		9287744826E179CB002CA6BF /* GoogleService-Info.plist in Resources */ = {isa = PBXBuildFile; fileRef = 9287744626E179CB002CA6BF /* GoogleService-Info.plist */; };
		9287744926E179CB002CA6BF /* GoogleService-Info.plist in Resources */ = {isa = PBXBuildFile; fileRef = 9287744626E179CB002CA6BF /* GoogleService-Info.plist */; };
		9287744B26E187F7002CA6BF /* Recipe.swift in Sources */ = {isa = PBXBuildFile; fileRef = 9287744A26E187F7002CA6BF /* Recipe.swift */; };
		9287744D26E18831002CA6BF /* RecipeViewModel.swift in Sources */ = {isa = PBXBuildFile; fileRef = 9287744C26E18831002CA6BF /* RecipeViewModel.swift */; };
		92BA4B7126E9621B0026B319 /* deviceContactsView.swift in Sources */ = {isa = PBXBuildFile; fileRef = 92BA4B7026E9621B0026B319 /* deviceContactsView.swift */; };
		F3365FCDA30E8CC80C5F5B34 /* Pods_Programming_AssignmentTests.framework in Frameworks */ = {isa = PBXBuildFile; fileRef = 1E8AC965FF89AB9F82739FFA /* Pods_Programming_AssignmentTests.framework */; };
/* End PBXBuildFile section */

/* Begin PBXContainerItemProxy section */
		9287742A26E17918002CA6BF /* PBXContainerItemProxy */ = {
			isa = PBXContainerItemProxy;
			containerPortal = 9287741026E17916002CA6BF /* Project object */;
			proxyType = 1;
			remoteGlobalIDString = 9287741726E17916002CA6BF;
			remoteInfo = "Programming Assignment";
		};
		9287743526E17918002CA6BF /* PBXContainerItemProxy */ = {
			isa = PBXContainerItemProxy;
			containerPortal = 9287741026E17916002CA6BF /* Project object */;
			proxyType = 1;
			remoteGlobalIDString = 9287741726E17916002CA6BF;
			remoteInfo = "Programming Assignment";
		};
/* End PBXContainerItemProxy section */

/* Begin PBXFileReference section */
		1D45088A7C2175AAABD269F0 /* Pods-Programming Assignment-Programming AssignmentUITests.release.xcconfig */ = {isa = PBXFileReference; includeInIndex = 1; lastKnownFileType = text.xcconfig; name = "Pods-Programming Assignment-Programming AssignmentUITests.release.xcconfig"; path = "Target Support Files/Pods-Programming Assignment-Programming AssignmentUITests/Pods-Programming Assignment-Programming AssignmentUITests.release.xcconfig"; sourceTree = "<group>"; };
		1E8AC965FF89AB9F82739FFA /* Pods_Programming_AssignmentTests.framework */ = {isa = PBXFileReference; explicitFileType = wrapper.framework; includeInIndex = 0; path = Pods_Programming_AssignmentTests.framework; sourceTree = BUILT_PRODUCTS_DIR; };
		27D9834F61B682A33DA18461 /* Pods-Programming AssignmentTests.release.xcconfig */ = {isa = PBXFileReference; includeInIndex = 1; lastKnownFileType = text.xcconfig; name = "Pods-Programming AssignmentTests.release.xcconfig"; path = "Target Support Files/Pods-Programming AssignmentTests/Pods-Programming AssignmentTests.release.xcconfig"; sourceTree = "<group>"; };
		435804429E99967382016CB7 /* Pods-Programming Assignment.release.xcconfig */ = {isa = PBXFileReference; includeInIndex = 1; lastKnownFileType = text.xcconfig; name = "Pods-Programming Assignment.release.xcconfig"; path = "Target Support Files/Pods-Programming Assignment/Pods-Programming Assignment.release.xcconfig"; sourceTree = "<group>"; };
		5E364EBF6F7012BAE2705EC7 /* Pods_Programming_Assignment_Programming_AssignmentUITests.framework */ = {isa = PBXFileReference; explicitFileType = wrapper.framework; includeInIndex = 0; path = Pods_Programming_Assignment_Programming_AssignmentUITests.framework; sourceTree = BUILT_PRODUCTS_DIR; };
		6EBB92A7FBE25A800BFDF1B3 /* Pods-Programming Assignment-Programming AssignmentUITests.debug.xcconfig */ = {isa = PBXFileReference; includeInIndex = 1; lastKnownFileType = text.xcconfig; name = "Pods-Programming Assignment-Programming AssignmentUITests.debug.xcconfig"; path = "Target Support Files/Pods-Programming Assignment-Programming AssignmentUITests/Pods-Programming Assignment-Programming AssignmentUITests.debug.xcconfig"; sourceTree = "<group>"; };
		811AFCAA5079ADAC79601CF6 /* Pods-Programming Assignment.debug.xcconfig */ = {isa = PBXFileReference; includeInIndex = 1; lastKnownFileType = text.xcconfig; name = "Pods-Programming Assignment.debug.xcconfig"; path = "Target Support Files/Pods-Programming Assignment/Pods-Programming Assignment.debug.xcconfig"; sourceTree = "<group>"; };
		9287741826E17916002CA6BF /* Programming Assignment.app */ = {isa = PBXFileReference; explicitFileType = wrapper.application; includeInIndex = 0; path = "Programming Assignment.app"; sourceTree = BUILT_PRODUCTS_DIR; };
		9287741B26E17916002CA6BF /* Programming_AssignmentApp.swift */ = {isa = PBXFileReference; lastKnownFileType = sourcecode.swift; path = Programming_AssignmentApp.swift; sourceTree = "<group>"; };
		9287741D26E17916002CA6BF /* ContentView.swift */ = {isa = PBXFileReference; lastKnownFileType = sourcecode.swift; path = ContentView.swift; sourceTree = "<group>"; };
		9287741F26E17918002CA6BF /* Assets.xcassets */ = {isa = PBXFileReference; lastKnownFileType = folder.assetcatalog; path = Assets.xcassets; sourceTree = "<group>"; };
		9287742226E17918002CA6BF /* Preview Assets.xcassets */ = {isa = PBXFileReference; lastKnownFileType = folder.assetcatalog; path = "Preview Assets.xcassets"; sourceTree = "<group>"; };
		9287742426E17918002CA6BF /* Info.plist */ = {isa = PBXFileReference; lastKnownFileType = text.plist.xml; path = Info.plist; sourceTree = "<group>"; };
		9287742926E17918002CA6BF /* Programming AssignmentTests.xctest */ = {isa = PBXFileReference; explicitFileType = wrapper.cfbundle; includeInIndex = 0; path = "Programming AssignmentTests.xctest"; sourceTree = BUILT_PRODUCTS_DIR; };
		9287742D26E17918002CA6BF /* Programming_AssignmentTests.swift */ = {isa = PBXFileReference; lastKnownFileType = sourcecode.swift; path = Programming_AssignmentTests.swift; sourceTree = "<group>"; };
		9287742F26E17918002CA6BF /* Info.plist */ = {isa = PBXFileReference; lastKnownFileType = text.plist.xml; path = Info.plist; sourceTree = "<group>"; };
		9287743426E17918002CA6BF /* Programming AssignmentUITests.xctest */ = {isa = PBXFileReference; explicitFileType = wrapper.cfbundle; includeInIndex = 0; path = "Programming AssignmentUITests.xctest"; sourceTree = BUILT_PRODUCTS_DIR; };
		9287743826E17918002CA6BF /* Programming_AssignmentUITests.swift */ = {isa = PBXFileReference; lastKnownFileType = sourcecode.swift; path = Programming_AssignmentUITests.swift; sourceTree = "<group>"; };
		9287743A26E17918002CA6BF /* Info.plist */ = {isa = PBXFileReference; lastKnownFileType = text.plist.xml; path = Info.plist; sourceTree = "<group>"; };
		9287744626E179CB002CA6BF /* GoogleService-Info.plist */ = {isa = PBXFileReference; lastKnownFileType = text.plist; path = "GoogleService-Info.plist"; sourceTree = SOURCE_ROOT; };
		9287744A26E187F7002CA6BF /* Recipe.swift */ = {isa = PBXFileReference; lastKnownFileType = sourcecode.swift; path = Recipe.swift; sourceTree = "<group>"; };
		9287744C26E18831002CA6BF /* RecipeViewModel.swift */ = {isa = PBXFileReference; lastKnownFileType = sourcecode.swift; path = RecipeViewModel.swift; sourceTree = "<group>"; };
		92BA4B7026E9621B0026B319 /* deviceContactsView.swift */ = {isa = PBXFileReference; lastKnownFileType = sourcecode.swift; path = deviceContactsView.swift; sourceTree = "<group>"; };
		E80AEF0226F5F125F4AB971A /* Pods-Programming AssignmentTests.debug.xcconfig */ = {isa = PBXFileReference; includeInIndex = 1; lastKnownFileType = text.xcconfig; name = "Pods-Programming AssignmentTests.debug.xcconfig"; path = "Target Support Files/Pods-Programming AssignmentTests/Pods-Programming AssignmentTests.debug.xcconfig"; sourceTree = "<group>"; };
		FE46FC894BCDFC2AB584B425 /* Pods_Programming_Assignment.framework */ = {isa = PBXFileReference; explicitFileType = wrapper.framework; includeInIndex = 0; path = Pods_Programming_Assignment.framework; sourceTree = BUILT_PRODUCTS_DIR; };
/* End PBXFileReference section */

/* Begin PBXFrameworksBuildPhase section */
		9287741526E17916002CA6BF /* Frameworks */ = {
			isa = PBXFrameworksBuildPhase;
			buildActionMask = 2147483647;
			files = (
				13191453D2B933516F86FCD0 /* Pods_Programming_Assignment.framework in Frameworks */,
			);
			runOnlyForDeploymentPostprocessing = 0;
		};
		9287742626E17918002CA6BF /* Frameworks */ = {
			isa = PBXFrameworksBuildPhase;
			buildActionMask = 2147483647;
			files = (
				F3365FCDA30E8CC80C5F5B34 /* Pods_Programming_AssignmentTests.framework in Frameworks */,
			);
			runOnlyForDeploymentPostprocessing = 0;
		};
		9287743126E17918002CA6BF /* Frameworks */ = {
			isa = PBXFrameworksBuildPhase;
			buildActionMask = 2147483647;
			files = (
				86BE9E354527850920F8B1BA /* Pods_Programming_Assignment_Programming_AssignmentUITests.framework in Frameworks */,
			);
			runOnlyForDeploymentPostprocessing = 0;
		};
/* End PBXFrameworksBuildPhase section */

/* Begin PBXGroup section */
		44DECB894C51BBB4085046F1 /* Pods */ = {
			isa = PBXGroup;
			children = (
				811AFCAA5079ADAC79601CF6 /* Pods-Programming Assignment.debug.xcconfig */,
				435804429E99967382016CB7 /* Pods-Programming Assignment.release.xcconfig */,
				6EBB92A7FBE25A800BFDF1B3 /* Pods-Programming Assignment-Programming AssignmentUITests.debug.xcconfig */,
				1D45088A7C2175AAABD269F0 /* Pods-Programming Assignment-Programming AssignmentUITests.release.xcconfig */,
				E80AEF0226F5F125F4AB971A /* Pods-Programming AssignmentTests.debug.xcconfig */,
				27D9834F61B682A33DA18461 /* Pods-Programming AssignmentTests.release.xcconfig */,
			);
			path = Pods;
			sourceTree = "<group>";
		};
		9287740F26E17916002CA6BF = {
			isa = PBXGroup;
			children = (
				9287741A26E17916002CA6BF /* Programming Assignment */,
				9287742C26E17918002CA6BF /* Programming AssignmentTests */,
				9287743726E17918002CA6BF /* Programming AssignmentUITests */,
				9287741926E17916002CA6BF /* Products */,
				44DECB894C51BBB4085046F1 /* Pods */,
				F0758387601D08AE3421B977 /* Frameworks */,
			);
			sourceTree = "<group>";
		};
		9287741926E17916002CA6BF /* Products */ = {
			isa = PBXGroup;
			children = (
				9287741826E17916002CA6BF /* Programming Assignment.app */,
				9287742926E17918002CA6BF /* Programming AssignmentTests.xctest */,
				9287743426E17918002CA6BF /* Programming AssignmentUITests.xctest */,
			);
			name = Products;
			sourceTree = "<group>";
		};
		9287741A26E17916002CA6BF /* Programming Assignment */ = {
			isa = PBXGroup;
			children = (
				9287741B26E17916002CA6BF /* Programming_AssignmentApp.swift */,
				9287741D26E17916002CA6BF /* ContentView.swift */,
				92BA4B7026E9621B0026B319 /* deviceContactsView.swift */,
				9287744A26E187F7002CA6BF /* Recipe.swift */,
				9287744C26E18831002CA6BF /* RecipeViewModel.swift */,
				9287741F26E17918002CA6BF /* Assets.xcassets */,
				9287742426E17918002CA6BF /* Info.plist */,
				9287744626E179CB002CA6BF /* GoogleService-Info.plist */,
				9287742126E17918002CA6BF /* Preview Content */,
			);
			path = "Programming Assignment";
			sourceTree = "<group>";
		};
		9287742126E17918002CA6BF /* Preview Content */ = {
			isa = PBXGroup;
			children = (
				9287742226E17918002CA6BF /* Preview Assets.xcassets */,
			);
			path = "Preview Content";
			sourceTree = "<group>";
		};
		9287742C26E17918002CA6BF /* Programming AssignmentTests */ = {
			isa = PBXGroup;
			children = (
				9287742D26E17918002CA6BF /* Programming_AssignmentTests.swift */,
				9287742F26E17918002CA6BF /* Info.plist */,
			);
			path = "Programming AssignmentTests";
			sourceTree = "<group>";
		};
		9287743726E17918002CA6BF /* Programming AssignmentUITests */ = {
			isa = PBXGroup;
			children = (
				9287743826E17918002CA6BF /* Programming_AssignmentUITests.swift */,
				9287743A26E17918002CA6BF /* Info.plist */,
			);
			path = "Programming AssignmentUITests";
			sourceTree = "<group>";
		};
		F0758387601D08AE3421B977 /* Frameworks */ = {
			isa = PBXGroup;
			children = (
				FE46FC894BCDFC2AB584B425 /* Pods_Programming_Assignment.framework */,
				5E364EBF6F7012BAE2705EC7 /* Pods_Programming_Assignment_Programming_AssignmentUITests.framework */,
				1E8AC965FF89AB9F82739FFA /* Pods_Programming_AssignmentTests.framework */,
			);
			name = Frameworks;
			sourceTree = "<group>";
		};
/* End PBXGroup section */

/* Begin PBXNativeTarget section */
		9287741726E17916002CA6BF /* Programming Assignment */ = {
			isa = PBXNativeTarget;
			buildConfigurationList = 9287743D26E17918002CA6BF /* Build configuration list for PBXNativeTarget "Programming Assignment" */;
			buildPhases = (
				B7147259D93094E946D96E67 /* [CP] Check Pods Manifest.lock */,
				9287741426E17916002CA6BF /* Sources */,
				9287741526E17916002CA6BF /* Frameworks */,
				9287741626E17916002CA6BF /* Resources */,
				DA6140B54B060C930B351552 /* [CP] Embed Pods Frameworks */,
			);
			buildRules = (
			);
			dependencies = (
			);
			name = "Programming Assignment";
			productName = "Programming Assignment";
			productReference = 9287741826E17916002CA6BF /* Programming Assignment.app */;
			productType = "com.apple.product-type.application";
		};
		9287742826E17918002CA6BF /* Programming AssignmentTests */ = {
			isa = PBXNativeTarget;
			buildConfigurationList = 9287744026E17918002CA6BF /* Build configuration list for PBXNativeTarget "Programming AssignmentTests" */;
			buildPhases = (
				425DE49D09234C577AE2A785 /* [CP] Check Pods Manifest.lock */,
				9287742526E17918002CA6BF /* Sources */,
				9287742626E17918002CA6BF /* Frameworks */,
				9287742726E17918002CA6BF /* Resources */,
			);
			buildRules = (
			);
			dependencies = (
				9287742B26E17918002CA6BF /* PBXTargetDependency */,
			);
			name = "Programming AssignmentTests";
			productName = "Programming AssignmentTests";
			productReference = 9287742926E17918002CA6BF /* Programming AssignmentTests.xctest */;
			productType = "com.apple.product-type.bundle.unit-test";
		};
		9287743326E17918002CA6BF /* Programming AssignmentUITests */ = {
			isa = PBXNativeTarget;
			buildConfigurationList = 9287744326E17918002CA6BF /* Build configuration list for PBXNativeTarget "Programming AssignmentUITests" */;
			buildPhases = (
				26EAB955D875CE91A3DB3CA2 /* [CP] Check Pods Manifest.lock */,
				9287743026E17918002CA6BF /* Sources */,
				9287743126E17918002CA6BF /* Frameworks */,
				9287743226E17918002CA6BF /* Resources */,
				E3A19BB4769A164C65009643 /* [CP] Embed Pods Frameworks */,
			);
			buildRules = (
			);
			dependencies = (
				9287743626E17918002CA6BF /* PBXTargetDependency */,
			);
			name = "Programming AssignmentUITests";
			productName = "Programming AssignmentUITests";
			productReference = 9287743426E17918002CA6BF /* Programming AssignmentUITests.xctest */;
			productType = "com.apple.product-type.bundle.ui-testing";
		};
/* End PBXNativeTarget section */

/* Begin PBXProject section */
		9287741026E17916002CA6BF /* Project object */ = {
			isa = PBXProject;
			attributes = {
				LastSwiftUpdateCheck = 1250;
				LastUpgradeCheck = 1250;
				TargetAttributes = {
					9287741726E17916002CA6BF = {
						CreatedOnToolsVersion = 12.5.1;
					};
					9287742826E17918002CA6BF = {
						CreatedOnToolsVersion = 12.5.1;
						TestTargetID = 9287741726E17916002CA6BF;
					};
					9287743326E17918002CA6BF = {
						CreatedOnToolsVersion = 12.5.1;
						TestTargetID = 9287741726E17916002CA6BF;
					};
				};
			};
			buildConfigurationList = 9287741326E17916002CA6BF /* Build configuration list for PBXProject "Programming Assignment" */;
			compatibilityVersion = "Xcode 9.3";
			developmentRegion = en;
			hasScannedForEncodings = 0;
			knownRegions = (
				en,
				Base,
			);
			mainGroup = 9287740F26E17916002CA6BF;
			productRefGroup = 9287741926E17916002CA6BF /* Products */;
			projectDirPath = "";
			projectRoot = "";
			targets = (
				9287741726E17916002CA6BF /* Programming Assignment */,
				9287742826E17918002CA6BF /* Programming AssignmentTests */,
				9287743326E17918002CA6BF /* Programming AssignmentUITests */,
			);
		};
/* End PBXProject section */

/* Begin PBXResourcesBuildPhase section */
		9287741626E17916002CA6BF /* Resources */ = {
			isa = PBXResourcesBuildPhase;
			buildActionMask = 2147483647;
			files = (
				9287742326E17918002CA6BF /* Preview Assets.xcassets in Resources */,
				9287742026E17918002CA6BF /* Assets.xcassets in Resources */,
				9287744726E179CB002CA6BF /* GoogleService-Info.plist in Resources */,
			);
			runOnlyForDeploymentPostprocessing = 0;
		};
		9287742726E17918002CA6BF /* Resources */ = {
			isa = PBXResourcesBuildPhase;
			buildActionMask = 2147483647;
			files = (
				9287744826E179CB002CA6BF /* GoogleService-Info.plist in Resources */,
			);
			runOnlyForDeploymentPostprocessing = 0;
		};
		9287743226E17918002CA6BF /* Resources */ = {
			isa = PBXResourcesBuildPhase;
			buildActionMask = 2147483647;
			files = (
				9287744926E179CB002CA6BF /* GoogleService-Info.plist in Resources */,
			);
			runOnlyForDeploymentPostprocessing = 0;
		};
/* End PBXResourcesBuildPhase section */

/* Begin PBXShellScriptBuildPhase section */
		26EAB955D875CE91A3DB3CA2 /* [CP] Check Pods Manifest.lock */ = {
			isa = PBXShellScriptBuildPhase;
			buildActionMask = 2147483647;
			files = (
			);
			inputFileListPaths = (
			);
			inputPaths = (
				"${PODS_PODFILE_DIR_PATH}/Podfile.lock",
				"${PODS_ROOT}/Manifest.lock",
			);
			name = "[CP] Check Pods Manifest.lock";
			outputFileListPaths = (
			);
			outputPaths = (
				"$(DERIVED_FILE_DIR)/Pods-Programming Assignment-Programming AssignmentUITests-checkManifestLockResult.txt",
			);
			runOnlyForDeploymentPostprocessing = 0;
			shellPath = /bin/sh;
			shellScript = "diff \"${PODS_PODFILE_DIR_PATH}/Podfile.lock\" \"${PODS_ROOT}/Manifest.lock\" > /dev/null\nif [ $? != 0 ] ; then\n    # print error to STDERR\n    echo \"error: The sandbox is not in sync with the Podfile.lock. Run 'pod install' or update your CocoaPods installation.\" >&2\n    exit 1\nfi\n# This output is used by Xcode 'outputs' to avoid re-running this script phase.\necho \"SUCCESS\" > \"${SCRIPT_OUTPUT_FILE_0}\"\n";
			showEnvVarsInLog = 0;
		};
		425DE49D09234C577AE2A785 /* [CP] Check Pods Manifest.lock */ = {
			isa = PBXShellScriptBuildPhase;
			buildActionMask = 2147483647;
			files = (
			);
			inputFileListPaths = (
			);
			inputPaths = (
				"${PODS_PODFILE_DIR_PATH}/Podfile.lock",
				"${PODS_ROOT}/Manifest.lock",
			);
			name = "[CP] Check Pods Manifest.lock";
			outputFileListPaths = (
			);
			outputPaths = (
				"$(DERIVED_FILE_DIR)/Pods-Programming AssignmentTests-checkManifestLockResult.txt",
			);
			runOnlyForDeploymentPostprocessing = 0;
			shellPath = /bin/sh;
			shellScript = "diff \"${PODS_PODFILE_DIR_PATH}/Podfile.lock\" \"${PODS_ROOT}/Manifest.lock\" > /dev/null\nif [ $? != 0 ] ; then\n    # print error to STDERR\n    echo \"error: The sandbox is not in sync with the Podfile.lock. Run 'pod install' or update your CocoaPods installation.\" >&2\n    exit 1\nfi\n# This output is used by Xcode 'outputs' to avoid re-running this script phase.\necho \"SUCCESS\" > \"${SCRIPT_OUTPUT_FILE_0}\"\n";
			showEnvVarsInLog = 0;
		};
		B7147259D93094E946D96E67 /* [CP] Check Pods Manifest.lock */ = {
			isa = PBXShellScriptBuildPhase;
			buildActionMask = 2147483647;
			files = (
			);
			inputFileListPaths = (
			);
			inputPaths = (
				"${PODS_PODFILE_DIR_PATH}/Podfile.lock",
				"${PODS_ROOT}/Manifest.lock",
			);
			name = "[CP] Check Pods Manifest.lock";
			outputFileListPaths = (
			);
			outputPaths = (
				"$(DERIVED_FILE_DIR)/Pods-Programming Assignment-checkManifestLockResult.txt",
			);
			runOnlyForDeploymentPostprocessing = 0;
			shellPath = /bin/sh;
			shellScript = "diff \"${PODS_PODFILE_DIR_PATH}/Podfile.lock\" \"${PODS_ROOT}/Manifest.lock\" > /dev/null\nif [ $? != 0 ] ; then\n    # print error to STDERR\n    echo \"error: The sandbox is not in sync with the Podfile.lock. Run 'pod install' or update your CocoaPods installation.\" >&2\n    exit 1\nfi\n# This output is used by Xcode 'outputs' to avoid re-running this script phase.\necho \"SUCCESS\" > \"${SCRIPT_OUTPUT_FILE_0}\"\n";
			showEnvVarsInLog = 0;
		};
		DA6140B54B060C930B351552 /* [CP] Embed Pods Frameworks */ = {
			isa = PBXShellScriptBuildPhase;
			buildActionMask = 2147483647;
			files = (
			);
			inputFileListPaths = (
				"${PODS_ROOT}/Target Support Files/Pods-Programming Assignment/Pods-Programming Assignment-frameworks-${CONFIGURATION}-input-files.xcfilelist",
			);
			name = "[CP] Embed Pods Frameworks";
			outputFileListPaths = (
				"${PODS_ROOT}/Target Support Files/Pods-Programming Assignment/Pods-Programming Assignment-frameworks-${CONFIGURATION}-output-files.xcfilelist",
			);
			runOnlyForDeploymentPostprocessing = 0;
			shellPath = /bin/sh;
			shellScript = "\"${PODS_ROOT}/Target Support Files/Pods-Programming Assignment/Pods-Programming Assignment-frameworks.sh\"\n";
			showEnvVarsInLog = 0;
		};
		E3A19BB4769A164C65009643 /* [CP] Embed Pods Frameworks */ = {
			isa = PBXShellScriptBuildPhase;
			buildActionMask = 2147483647;
			files = (
			);
			inputFileListPaths = (
				"${PODS_ROOT}/Target Support Files/Pods-Programming Assignment-Programming AssignmentUITests/Pods-Programming Assignment-Programming AssignmentUITests-frameworks-${CONFIGURATION}-input-files.xcfilelist",
			);
			name = "[CP] Embed Pods Frameworks";
			outputFileListPaths = (
				"${PODS_ROOT}/Target Support Files/Pods-Programming Assignment-Programming AssignmentUITests/Pods-Programming Assignment-Programming AssignmentUITests-frameworks-${CONFIGURATION}-output-files.xcfilelist",
			);
			runOnlyForDeploymentPostprocessing = 0;
			shellPath = /bin/sh;
			shellScript = "\"${PODS_ROOT}/Target Support Files/Pods-Programming Assignment-Programming AssignmentUITests/Pods-Programming Assignment-Programming AssignmentUITests-frameworks.sh\"\n";
			showEnvVarsInLog = 0;
		};
/* End PBXShellScriptBuildPhase section */

/* Begin PBXSourcesBuildPhase section */
		9287741426E17916002CA6BF /* Sources */ = {
			isa = PBXSourcesBuildPhase;
			buildActionMask = 2147483647;
			files = (
				9287744B26E187F7002CA6BF /* Recipe.swift in Sources */,
				9287744D26E18831002CA6BF /* RecipeViewModel.swift in Sources */,
				9287741E26E17916002CA6BF /* ContentView.swift in Sources */,
				9287741C26E17916002CA6BF /* Programming_AssignmentApp.swift in Sources */,
				92BA4B7126E9621B0026B319 /* deviceContactsView.swift in Sources */,
			);
			runOnlyForDeploymentPostprocessing = 0;
		};
		9287742526E17918002CA6BF /* Sources */ = {
			isa = PBXSourcesBuildPhase;
			buildActionMask = 2147483647;
			files = (
				9287742E26E17918002CA6BF /* Programming_AssignmentTests.swift in Sources */,
			);
			runOnlyForDeploymentPostprocessing = 0;
		};
		9287743026E17918002CA6BF /* Sources */ = {
			isa = PBXSourcesBuildPhase;
			buildActionMask = 2147483647;
			files = (
				9287743926E17918002CA6BF /* Programming_AssignmentUITests.swift in Sources */,
			);
			runOnlyForDeploymentPostprocessing = 0;
		};
/* End PBXSourcesBuildPhase section */

/* Begin PBXTargetDependency section */
		9287742B26E17918002CA6BF /* PBXTargetDependency */ = {
			isa = PBXTargetDependency;
			target = 9287741726E17916002CA6BF /* Programming Assignment */;
			targetProxy = 9287742A26E17918002CA6BF /* PBXContainerItemProxy */;
		};
		9287743626E17918002CA6BF /* PBXTargetDependency */ = {
			isa = PBXTargetDependency;
			target = 9287741726E17916002CA6BF /* Programming Assignment */;
			targetProxy = 9287743526E17918002CA6BF /* PBXContainerItemProxy */;
		};
/* End PBXTargetDependency section */

/* Begin XCBuildConfiguration section */
		9287743B26E17918002CA6BF /* Debug */ = {
			isa = XCBuildConfiguration;
			buildSettings = {
				ALWAYS_SEARCH_USER_PATHS = NO;
				CLANG_ANALYZER_NONNULL = YES;
				CLANG_ANALYZER_NUMBER_OBJECT_CONVERSION = YES_AGGRESSIVE;
				CLANG_CXX_LANGUAGE_STANDARD = "gnu++14";
				CLANG_CXX_LIBRARY = "libc++";
				CLANG_ENABLE_MODULES = YES;
				CLANG_ENABLE_OBJC_ARC = YES;
				CLANG_ENABLE_OBJC_WEAK = YES;
				CLANG_WARN_BLOCK_CAPTURE_AUTORELEASING = YES;
				CLANG_WARN_BOOL_CONVERSION = YES;
				CLANG_WARN_COMMA = YES;
				CLANG_WARN_CONSTANT_CONVERSION = YES;
				CLANG_WARN_DEPRECATED_OBJC_IMPLEMENTATIONS = YES;
				CLANG_WARN_DIRECT_OBJC_ISA_USAGE = YES_ERROR;
				CLANG_WARN_DOCUMENTATION_COMMENTS = YES;
				CLANG_WARN_EMPTY_BODY = YES;
				CLANG_WARN_ENUM_CONVERSION = YES;
				CLANG_WARN_INFINITE_RECURSION = YES;
				CLANG_WARN_INT_CONVERSION = YES;
				CLANG_WARN_NON_LITERAL_NULL_CONVERSION = YES;
				CLANG_WARN_OBJC_IMPLICIT_RETAIN_SELF = YES;
				CLANG_WARN_OBJC_LITERAL_CONVERSION = YES;
				CLANG_WARN_OBJC_ROOT_CLASS = YES_ERROR;
				CLANG_WARN_QUOTED_INCLUDE_IN_FRAMEWORK_HEADER = YES;
				CLANG_WARN_RANGE_LOOP_ANALYSIS = YES;
				CLANG_WARN_STRICT_PROTOTYPES = YES;
				CLANG_WARN_SUSPICIOUS_MOVE = YES;
				CLANG_WARN_UNGUARDED_AVAILABILITY = YES_AGGRESSIVE;
				CLANG_WARN_UNREACHABLE_CODE = YES;
				CLANG_WARN__DUPLICATE_METHOD_MATCH = YES;
				COPY_PHASE_STRIP = NO;
				DEBUG_INFORMATION_FORMAT = dwarf;
				ENABLE_STRICT_OBJC_MSGSEND = YES;
				ENABLE_TESTABILITY = YES;
				GCC_C_LANGUAGE_STANDARD = gnu11;
				GCC_DYNAMIC_NO_PIC = NO;
				GCC_NO_COMMON_BLOCKS = YES;
				GCC_OPTIMIZATION_LEVEL = 0;
				GCC_PREPROCESSOR_DEFINITIONS = (
					"DEBUG=1",
					"$(inherited)",
				);
				GCC_WARN_64_TO_32_BIT_CONVERSION = YES;
				GCC_WARN_ABOUT_RETURN_TYPE = YES_ERROR;
				GCC_WARN_UNDECLARED_SELECTOR = YES;
				GCC_WARN_UNINITIALIZED_AUTOS = YES_AGGRESSIVE;
				GCC_WARN_UNUSED_FUNCTION = YES;
				GCC_WARN_UNUSED_VARIABLE = YES;
				IPHONEOS_DEPLOYMENT_TARGET = 14.5;
				MTL_ENABLE_DEBUG_INFO = INCLUDE_SOURCE;
				MTL_FAST_MATH = YES;
				ONLY_ACTIVE_ARCH = YES;
				SDKROOT = iphoneos;
				SWIFT_ACTIVE_COMPILATION_CONDITIONS = DEBUG;
				SWIFT_OPTIMIZATION_LEVEL = "-Onone";
			};
			name = Debug;
		};
		9287743C26E17918002CA6BF /* Release */ = {
			isa = XCBuildConfiguration;
			buildSettings = {
				ALWAYS_SEARCH_USER_PATHS = NO;
				CLANG_ANALYZER_NONNULL = YES;
				CLANG_ANALYZER_NUMBER_OBJECT_CONVERSION = YES_AGGRESSIVE;
				CLANG_CXX_LANGUAGE_STANDARD = "gnu++14";
				CLANG_CXX_LIBRARY = "libc++";
				CLANG_ENABLE_MODULES = YES;
				CLANG_ENABLE_OBJC_ARC = YES;
				CLANG_ENABLE_OBJC_WEAK = YES;
				CLANG_WARN_BLOCK_CAPTURE_AUTORELEASING = YES;
				CLANG_WARN_BOOL_CONVERSION = YES;
				CLANG_WARN_COMMA = YES;
				CLANG_WARN_CONSTANT_CONVERSION = YES;
				CLANG_WARN_DEPRECATED_OBJC_IMPLEMENTATIONS = YES;
				CLANG_WARN_DIRECT_OBJC_ISA_USAGE = YES_ERROR;
				CLANG_WARN_DOCUMENTATION_COMMENTS = YES;
				CLANG_WARN_EMPTY_BODY = YES;
				CLANG_WARN_ENUM_CONVERSION = YES;
				CLANG_WARN_INFINITE_RECURSION = YES;
				CLANG_WARN_INT_CONVERSION = YES;
				CLANG_WARN_NON_LITERAL_NULL_CONVERSION = YES;
				CLANG_WARN_OBJC_IMPLICIT_RETAIN_SELF = YES;
				CLANG_WARN_OBJC_LITERAL_CONVERSION = YES;
				CLANG_WARN_OBJC_ROOT_CLASS = YES_ERROR;
				CLANG_WARN_QUOTED_INCLUDE_IN_FRAMEWORK_HEADER = YES;
				CLANG_WARN_RANGE_LOOP_ANALYSIS = YES;
				CLANG_WARN_STRICT_PROTOTYPES = YES;
				CLANG_WARN_SUSPICIOUS_MOVE = YES;
				CLANG_WARN_UNGUARDED_AVAILABILITY = YES_AGGRESSIVE;
				CLANG_WARN_UNREACHABLE_CODE = YES;
				CLANG_WARN__DUPLICATE_METHOD_MATCH = YES;
				COPY_PHASE_STRIP = NO;
				DEBUG_INFORMATION_FORMAT = "dwarf-with-dsym";
				ENABLE_NS_ASSERTIONS = NO;
				ENABLE_STRICT_OBJC_MSGSEND = YES;
				GCC_C_LANGUAGE_STANDARD = gnu11;
				GCC_NO_COMMON_BLOCKS = YES;
				GCC_WARN_64_TO_32_BIT_CONVERSION = YES;
				GCC_WARN_ABOUT_RETURN_TYPE = YES_ERROR;
				GCC_WARN_UNDECLARED_SELECTOR = YES;
				GCC_WARN_UNINITIALIZED_AUTOS = YES_AGGRESSIVE;
				GCC_WARN_UNUSED_FUNCTION = YES;
				GCC_WARN_UNUSED_VARIABLE = YES;
				IPHONEOS_DEPLOYMENT_TARGET = 14.5;
				MTL_ENABLE_DEBUG_INFO = NO;
				MTL_FAST_MATH = YES;
				SDKROOT = iphoneos;
				SWIFT_COMPILATION_MODE = wholemodule;
				SWIFT_OPTIMIZATION_LEVEL = "-O";
				VALIDATE_PRODUCT = YES;
			};
			name = Release;
		};
		9287743E26E17918002CA6BF /* Debug */ = {
			isa = XCBuildConfiguration;
			baseConfigurationReference = 811AFCAA5079ADAC79601CF6 /* Pods-Programming Assignment.debug.xcconfig */;
			buildSettings = {
				ASSETCATALOG_COMPILER_APPICON_NAME = AppIcon;
				ASSETCATALOG_COMPILER_GLOBAL_ACCENT_COLOR_NAME = AccentColor;
				CODE_SIGN_STYLE = Automatic;
				DEVELOPMENT_ASSET_PATHS = "\"Programming Assignment/Preview Content\"";
				ENABLE_PREVIEWS = YES;
				INFOPLIST_FILE = "Programming Assignment/Info.plist";
				IPHONEOS_DEPLOYMENT_TARGET = 14.0;
				LD_RUNPATH_SEARCH_PATHS = (
					"$(inherited)",
					"@executable_path/Frameworks",
				);
				PRODUCT_BUNDLE_IDENTIFIER = "Julia.Programming-Assignment";
				PRODUCT_NAME = "$(TARGET_NAME)";
				SWIFT_VERSION = 5.0;
				TARGETED_DEVICE_FAMILY = "1,2";
			};
			name = Debug;
		};
		9287743F26E17918002CA6BF /* Release */ = {
			isa = XCBuildConfiguration;
			baseConfigurationReference = 435804429E99967382016CB7 /* Pods-Programming Assignment.release.xcconfig */;
			buildSettings = {
				ASSETCATALOG_COMPILER_APPICON_NAME = AppIcon;
				ASSETCATALOG_COMPILER_GLOBAL_ACCENT_COLOR_NAME = AccentColor;
				CODE_SIGN_STYLE = Automatic;
				DEVELOPMENT_ASSET_PATHS = "\"Programming Assignment/Preview Content\"";
				ENABLE_PREVIEWS = YES;
				INFOPLIST_FILE = "Programming Assignment/Info.plist";
				IPHONEOS_DEPLOYMENT_TARGET = 14.0;
				LD_RUNPATH_SEARCH_PATHS = (
					"$(inherited)",
					"@executable_path/Frameworks",
				);
				PRODUCT_BUNDLE_IDENTIFIER = "Julia.Programming-Assignment";
				PRODUCT_NAME = "$(TARGET_NAME)";
				SWIFT_VERSION = 5.0;
				TARGETED_DEVICE_FAMILY = "1,2";
			};
			name = Release;
		};
		9287744126E17918002CA6BF /* Debug */ = {
			isa = XCBuildConfiguration;
			baseConfigurationReference = E80AEF0226F5F125F4AB971A /* Pods-Programming AssignmentTests.debug.xcconfig */;
			buildSettings = {
				ALWAYS_EMBED_SWIFT_STANDARD_LIBRARIES = YES;
				BUNDLE_LOADER = "$(TEST_HOST)";
				CODE_SIGN_STYLE = Automatic;
				INFOPLIST_FILE = "Programming AssignmentTests/Info.plist";
				IPHONEOS_DEPLOYMENT_TARGET = 14.0;
				LD_RUNPATH_SEARCH_PATHS = (
					"$(inherited)",
					"@executable_path/Frameworks",
					"@loader_path/Frameworks",
				);
				PRODUCT_BUNDLE_IDENTIFIER = "Julia.Programming-AssignmentTests";
				PRODUCT_NAME = "$(TARGET_NAME)";
				SWIFT_VERSION = 5.0;
				TARGETED_DEVICE_FAMILY = "1,2";
				TEST_HOST = "$(BUILT_PRODUCTS_DIR)/Programming Assignment.app/Programming Assignment";
			};
			name = Debug;
		};
		9287744226E17918002CA6BF /* Release */ = {
			isa = XCBuildConfiguration;
			baseConfigurationReference = 27D9834F61B682A33DA18461 /* Pods-Programming AssignmentTests.release.xcconfig */;
			buildSettings = {
				ALWAYS_EMBED_SWIFT_STANDARD_LIBRARIES = YES;
				BUNDLE_LOADER = "$(TEST_HOST)";
				CODE_SIGN_STYLE = Automatic;
				INFOPLIST_FILE = "Programming AssignmentTests/Info.plist";
				IPHONEOS_DEPLOYMENT_TARGET = 14.0;
				LD_RUNPATH_SEARCH_PATHS = (
					"$(inherited)",
					"@executable_path/Frameworks",
					"@loader_path/Frameworks",
				);
				PRODUCT_BUNDLE_IDENTIFIER = "Julia.Programming-AssignmentTests";
				PRODUCT_NAME = "$(TARGET_NAME)";
				SWIFT_VERSION = 5.0;
				TARGETED_DEVICE_FAMILY = "1,2";
				TEST_HOST = "$(BUILT_PRODUCTS_DIR)/Programming Assignment.app/Programming Assignment";
			};
			name = Release;
		};
		9287744426E17918002CA6BF /* Debug */ = {
			isa = XCBuildConfiguration;
			baseConfigurationReference = 6EBB92A7FBE25A800BFDF1B3 /* Pods-Programming Assignment-Programming AssignmentUITests.debug.xcconfig */;
			buildSettings = {
				ALWAYS_EMBED_SWIFT_STANDARD_LIBRARIES = YES;
				CODE_SIGN_STYLE = Automatic;
				INFOPLIST_FILE = "Programming AssignmentUITests/Info.plist";
				LD_RUNPATH_SEARCH_PATHS = (
					"$(inherited)",
					"@executable_path/Frameworks",
					"@loader_path/Frameworks",
				);
				PRODUCT_BUNDLE_IDENTIFIER = "Julia.Programming-AssignmentUITests";
				PRODUCT_NAME = "$(TARGET_NAME)";
				SWIFT_VERSION = 5.0;
				TARGETED_DEVICE_FAMILY = "1,2";
				TEST_TARGET_NAME = "Programming Assignment";
			};
			name = Debug;
		};
		9287744526E17918002CA6BF /* Release */ = {
			isa = XCBuildConfiguration;
			baseConfigurationReference = 1D45088A7C2175AAABD269F0 /* Pods-Programming Assignment-Programming AssignmentUITests.release.xcconfig */;
			buildSettings = {
				ALWAYS_EMBED_SWIFT_STANDARD_LIBRARIES = YES;
				CODE_SIGN_STYLE = Automatic;
				INFOPLIST_FILE = "Programming AssignmentUITests/Info.plist";
				LD_RUNPATH_SEARCH_PATHS = (
					"$(inherited)",
					"@executable_path/Frameworks",
					"@loader_path/Frameworks",
				);
				PRODUCT_BUNDLE_IDENTIFIER = "Julia.Programming-AssignmentUITests";
				PRODUCT_NAME = "$(TARGET_NAME)";
				SWIFT_VERSION = 5.0;
				TARGETED_DEVICE_FAMILY = "1,2";
				TEST_TARGET_NAME = "Programming Assignment";
			};
			name = Release;
		};
/* End XCBuildConfiguration section */

/* Begin XCConfigurationList section */
		9287741326E17916002CA6BF /* Build configuration list for PBXProject "Programming Assignment" */ = {
			isa = XCConfigurationList;
			buildConfigurations = (
				9287743B26E17918002CA6BF /* Debug */,
				9287743C26E17918002CA6BF /* Release */,
			);
			defaultConfigurationIsVisible = 0;
			defaultConfigurationName = Release;
		};
		9287743D26E17918002CA6BF /* Build configuration list for PBXNativeTarget "Programming Assignment" */ = {
			isa = XCConfigurationList;
			buildConfigurations = (
				9287743E26E17918002CA6BF /* Debug */,
				9287743F26E17918002CA6BF /* Release */,
			);
			defaultConfigurationIsVisible = 0;
			defaultConfigurationName = Release;
		};
		9287744026E17918002CA6BF /* Build configuration list for PBXNativeTarget "Programming AssignmentTests" */ = {
			isa = XCConfigurationList;
			buildConfigurations = (
				9287744126E17918002CA6BF /* Debug */,
				9287744226E17918002CA6BF /* Release */,
			);
			defaultConfigurationIsVisible = 0;
			defaultConfigurationName = Release;
		};
		9287744326E17918002CA6BF /* Build configuration list for PBXNativeTarget "Programming AssignmentUITests" */ = {
			isa = XCConfigurationList;
			buildConfigurations = (
				9287744426E17918002CA6BF /* Debug */,
				9287744526E17918002CA6BF /* Release */,
			);
			defaultConfigurationIsVisible = 0;
			defaultConfigurationName = Release;
		};
/* End XCConfigurationList section */
	};
	rootObject = 9287741026E17916002CA6BF /* Project object */;
}
